// !$*UTF8*$!
{
	archiveVersion = 1;
	classes = {
	};
	objectVersion = 56;
	objects = {

/* Begin PBXBuildFile section */
		BF2E317B2B480F840058DF00 /* AppDelegate.swift in Sources */ = {isa = PBXBuildFile; fileRef = BF2E317A2B480F840058DF00 /* AppDelegate.swift */; };
		BF2E317D2B480F840058DF00 /* SceneDelegate.swift in Sources */ = {isa = PBXBuildFile; fileRef = BF2E317C2B480F840058DF00 /* SceneDelegate.swift */; };
		BF2E317F2B480F840058DF00 /* ViewController.swift in Sources */ = {isa = PBXBuildFile; fileRef = BF2E317E2B480F840058DF00 /* ViewController.swift */; };
		BF2E31822B480F840058DF00 /* Main.storyboard in Resources */ = {isa = PBXBuildFile; fileRef = BF2E31802B480F840058DF00 /* Main.storyboard */; };
		BF2E31842B480F850058DF00 /* Assets.xcassets in Resources */ = {isa = PBXBuildFile; fileRef = BF2E31832B480F850058DF00 /* Assets.xcassets */; };
		BF2E31872B480F850058DF00 /* LaunchScreen.storyboard in Resources */ = {isa = PBXBuildFile; fileRef = BF2E31852B480F850058DF00 /* LaunchScreen.storyboard */; };
		BF2E31922B480F850058DF00 /* ApiCallBindingTests.swift in Sources */ = {isa = PBXBuildFile; fileRef = BF2E31912B480F850058DF00 /* ApiCallBindingTests.swift */; };
		BF2E319C2B480F850058DF00 /* ApiCallBindingUITests.swift in Sources */ = {isa = PBXBuildFile; fileRef = BF2E319B2B480F850058DF00 /* ApiCallBindingUITests.swift */; };
		BF2E319E2B480F850058DF00 /* ApiCallBindingUITestsLaunchTests.swift in Sources */ = {isa = PBXBuildFile; fileRef = BF2E319D2B480F850058DF00 /* ApiCallBindingUITestsLaunchTests.swift */; };
/* End PBXBuildFile section */

/* Begin PBXContainerItemProxy section */
		BF2E318E2B480F850058DF00 /* PBXContainerItemProxy */ = {
			isa = PBXContainerItemProxy;
			containerPortal = BF2E316F2B480F840058DF00 /* Project object */;
			proxyType = 1;
			remoteGlobalIDString = BF2E31762B480F840058DF00;
			remoteInfo = ApiCallBinding;
		};
		BF2E31982B480F850058DF00 /* PBXContainerItemProxy */ = {
			isa = PBXContainerItemProxy;
			containerPortal = BF2E316F2B480F840058DF00 /* Project object */;
			proxyType = 1;
			remoteGlobalIDString = BF2E31762B480F840058DF00;
			remoteInfo = ApiCallBinding;
		};
/* End PBXContainerItemProxy section */

/* Begin PBXFileReference section */
		BF2E31772B480F840058DF00 /* ApiCallBinding.app */ = {isa = PBXFileReference; explicitFileType = wrapper.application; includeInIndex = 0; path = ApiCallBinding.app; sourceTree = BUILT_PRODUCTS_DIR; };
		BF2E317A2B480F840058DF00 /* AppDelegate.swift */ = {isa = PBXFileReference; lastKnownFileType = sourcecode.swift; path = AppDelegate.swift; sourceTree = "<group>"; };
		BF2E317C2B480F840058DF00 /* SceneDelegate.swift */ = {isa = PBXFileReference; lastKnownFileType = sourcecode.swift; path = SceneDelegate.swift; sourceTree = "<group>"; };
		BF2E317E2B480F840058DF00 /* ViewController.swift */ = {isa = PBXFileReference; lastKnownFileType = sourcecode.swift; path = ViewController.swift; sourceTree = "<group>"; };
		BF2E31812B480F840058DF00 /* Base */ = {isa = PBXFileReference; lastKnownFileType = file.storyboard; name = Base; path = Base.lproj/Main.storyboard; sourceTree = "<group>"; };
		BF2E31832B480F850058DF00 /* Assets.xcassets */ = {isa = PBXFileReference; lastKnownFileType = folder.assetcatalog; path = Assets.xcassets; sourceTree = "<group>"; };
		BF2E31862B480F850058DF00 /* Base */ = {isa = PBXFileReference; lastKnownFileType = file.storyboard; name = Base; path = Base.lproj/LaunchScreen.storyboard; sourceTree = "<group>"; };
		BF2E31882B480F850058DF00 /* Info.plist */ = {isa = PBXFileReference; lastKnownFileType = text.plist.xml; path = Info.plist; sourceTree = "<group>"; };
		BF2E318D2B480F850058DF00 /* ApiCallBindingTests.xctest */ = {isa = PBXFileReference; explicitFileType = wrapper.cfbundle; includeInIndex = 0; path = ApiCallBindingTests.xctest; sourceTree = BUILT_PRODUCTS_DIR; };
		BF2E31912B480F850058DF00 /* ApiCallBindingTests.swift */ = {isa = PBXFileReference; lastKnownFileType = sourcecode.swift; path = ApiCallBindingTests.swift; sourceTree = "<group>"; };
		BF2E31972B480F850058DF00 /* ApiCallBindingUITests.xctest */ = {isa = PBXFileReference; explicitFileType = wrapper.cfbundle; includeInIndex = 0; path = ApiCallBindingUITests.xctest; sourceTree = BUILT_PRODUCTS_DIR; };
		BF2E319B2B480F850058DF00 /* ApiCallBindingUITests.swift */ = {isa = PBXFileReference; lastKnownFileType = sourcecode.swift; path = ApiCallBindingUITests.swift; sourceTree = "<group>"; };
		BF2E319D2B480F850058DF00 /* ApiCallBindingUITestsLaunchTests.swift */ = {isa = PBXFileReference; lastKnownFileType = sourcecode.swift; path = ApiCallBindingUITestsLaunchTests.swift; sourceTree = "<group>"; };
/* End PBXFileReference section */

/* Begin PBXFrameworksBuildPhase section */
		BF2E31742B480F840058DF00 /* Frameworks */ = {
			isa = PBXFrameworksBuildPhase;
			buildActionMask = 2147483647;
			files = (
			);
			runOnlyForDeploymentPostprocessing = 0;
		};
		BF2E318A2B480F850058DF00 /* Frameworks */ = {
			isa = PBXFrameworksBuildPhase;
			buildActionMask = 2147483647;
			files = (
			);
			runOnlyForDeploymentPostprocessing = 0;
		};
		BF2E31942B480F850058DF00 /* Frameworks */ = {
			isa = PBXFrameworksBuildPhase;
			buildActionMask = 2147483647;
			files = (
			);
			runOnlyForDeploymentPostprocessing = 0;
		};
/* End PBXFrameworksBuildPhase section */

/* Begin PBXGroup section */
		BF2E316E2B480F840058DF00 = {
			isa = PBXGroup;
			children = (
				BF2E31792B480F840058DF00 /* ApiCallBinding */,
				BF2E31902B480F850058DF00 /* ApiCallBindingTests */,
				BF2E319A2B480F850058DF00 /* ApiCallBindingUITests */,
				BF2E31782B480F840058DF00 /* Products */,
			);
			sourceTree = "<group>";
		};
		BF2E31782B480F840058DF00 /* Products */ = {
			isa = PBXGroup;
			children = (
				BF2E31772B480F840058DF00 /* ApiCallBinding.app */,
				BF2E318D2B480F850058DF00 /* ApiCallBindingTests.xctest */,
				BF2E31972B480F850058DF00 /* ApiCallBindingUITests.xctest */,
			);
			name = Products;
			sourceTree = "<group>";
		};
		BF2E31792B480F840058DF00 /* ApiCallBinding */ = {
			isa = PBXGroup;
			children = (
				BF2E317A2B480F840058DF00 /* AppDelegate.swift */,
				BF2E317C2B480F840058DF00 /* SceneDelegate.swift */,
				BF2E317E2B480F840058DF00 /* ViewController.swift */,
				BF2E31802B480F840058DF00 /* Main.storyboard */,
				BF2E31832B480F850058DF00 /* Assets.xcassets */,
				BF2E31852B480F850058DF00 /* LaunchScreen.storyboard */,
				BF2E31882B480F850058DF00 /* Info.plist */,
			);
			path = ApiCallBinding;
			sourceTree = "<group>";
		};
		BF2E31902B480F850058DF00 /* ApiCallBindingTests */ = {
			isa = PBXGroup;
			children = (
				BF2E31912B480F850058DF00 /* ApiCallBindingTests.swift */,
			);
			path = ApiCallBindingTests;
			sourceTree = "<group>";
		};
		BF2E319A2B480F850058DF00 /* ApiCallBindingUITests */ = {
			isa = PBXGroup;
			children = (
				BF2E319B2B480F850058DF00 /* ApiCallBindingUITests.swift */,
				BF2E319D2B480F850058DF00 /* ApiCallBindingUITestsLaunchTests.swift */,
			);
			path = ApiCallBindingUITests;
			sourceTree = "<group>";
		};
/* End PBXGroup section */

/* Begin PBXNativeTarget section */
		BF2E31762B480F840058DF00 /* ApiCallBinding */ = {
			isa = PBXNativeTarget;
			buildConfigurationList = BF2E31A12B480F850058DF00 /* Build configuration list for PBXNativeTarget "ApiCallBinding" */;
			buildPhases = (
				BF2E31732B480F840058DF00 /* Sources */,
				BF2E31742B480F840058DF00 /* Frameworks */,
				BF2E31752B480F840058DF00 /* Resources */,
			);
			buildRules = (
			);
			dependencies = (
			);
			name = ApiCallBinding;
			productName = ApiCallBinding;
			productReference = BF2E31772B480F840058DF00 /* ApiCallBinding.app */;
			productType = "com.apple.product-type.application";
		};
		BF2E318C2B480F850058DF00 /* ApiCallBindingTests */ = {
			isa = PBXNativeTarget;
			buildConfigurationList = BF2E31A42B480F850058DF00 /* Build configuration list for PBXNativeTarget "ApiCallBindingTests" */;
			buildPhases = (
				BF2E31892B480F850058DF00 /* Sources */,
				BF2E318A2B480F850058DF00 /* Frameworks */,
				BF2E318B2B480F850058DF00 /* Resources */,
			);
			buildRules = (
			);
			dependencies = (
				BF2E318F2B480F850058DF00 /* PBXTargetDependency */,
			);
			name = ApiCallBindingTests;
			productName = ApiCallBindingTests;
			productReference = BF2E318D2B480F850058DF00 /* ApiCallBindingTests.xctest */;
			productType = "com.apple.product-type.bundle.unit-test";
		};
		BF2E31962B480F850058DF00 /* ApiCallBindingUITests */ = {
			isa = PBXNativeTarget;
			buildConfigurationList = BF2E31A72B480F850058DF00 /* Build configuration list for PBXNativeTarget "ApiCallBindingUITests" */;
			buildPhases = (
				BF2E31932B480F850058DF00 /* Sources */,
				BF2E31942B480F850058DF00 /* Frameworks */,
				BF2E31952B480F850058DF00 /* Resources */,
			);
			buildRules = (
			);
			dependencies = (
				BF2E31992B480F850058DF00 /* PBXTargetDependency */,
			);
			name = ApiCallBindingUITests;
			productName = ApiCallBindingUITests;
			productReference = BF2E31972B480F850058DF00 /* ApiCallBindingUITests.xctest */;
			productType = "com.apple.product-type.bundle.ui-testing";
		};
/* End PBXNativeTarget section */

/* Begin PBXProject section */
		BF2E316F2B480F840058DF00 /* Project object */ = {
			isa = PBXProject;
			attributes = {
				BuildIndependentTargetsInParallel = 1;
				LastSwiftUpdateCheck = 1430;
				LastUpgradeCheck = 1430;
				TargetAttributes = {
					BF2E31762B480F840058DF00 = {
						CreatedOnToolsVersion = 14.3.1;
					};
					BF2E318C2B480F850058DF00 = {
						CreatedOnToolsVersion = 14.3.1;
						TestTargetID = BF2E31762B480F840058DF00;
					};
					BF2E31962B480F850058DF00 = {
						CreatedOnToolsVersion = 14.3.1;
						TestTargetID = BF2E31762B480F840058DF00;
					};
				};
			};
			buildConfigurationList = BF2E31722B480F840058DF00 /* Build configuration list for PBXProject "ApiCallBinding" */;
			compatibilityVersion = "Xcode 14.0";
			developmentRegion = en;
			hasScannedForEncodings = 0;
			knownRegions = (
				en,
				Base,
			);
			mainGroup = BF2E316E2B480F840058DF00;
			productRefGroup = BF2E31782B480F840058DF00 /* Products */;
			projectDirPath = "";
			projectRoot = "";
			targets = (
				BF2E31762B480F840058DF00 /* ApiCallBinding */,
				BF2E318C2B480F850058DF00 /* ApiCallBindingTests */,
				BF2E31962B480F850058DF00 /* ApiCallBindingUITests */,
			);
		};
/* End PBXProject section */

/* Begin PBXResourcesBuildPhase section */
		BF2E31752B480F840058DF00 /* Resources */ = {
			isa = PBXResourcesBuildPhase;
			buildActionMask = 2147483647;
			files = (
				BF2E31872B480F850058DF00 /* LaunchScreen.storyboard in Resources */,
				BF2E31842B480F850058DF00 /* Assets.xcassets in Resources */,
				BF2E31822B480F840058DF00 /* Main.storyboard in Resources */,
			);
			runOnlyForDeploymentPostprocessing = 0;
		};
		BF2E318B2B480F850058DF00 /* Resources */ = {
			isa = PBXResourcesBuildPhase;
			buildActionMask = 2147483647;
			files = (
			);
			runOnlyForDeploymentPostprocessing = 0;
		};
		BF2E31952B480F850058DF00 /* Resources */ = {
			isa = PBXResourcesBuildPhase;
			buildActionMask = 2147483647;
			files = (
			);
			runOnlyForDeploymentPostprocessing = 0;
		};
/* End PBXResourcesBuildPhase section */

/* Begin PBXSourcesBuildPhase section */
		BF2E31732B480F840058DF00 /* Sources */ = {
			isa = PBXSourcesBuildPhase;
			buildActionMask = 2147483647;
			files = (
				BF2E317F2B480F840058DF00 /* ViewController.swift in Sources */,
				BF2E317B2B480F840058DF00 /* AppDelegate.swift in Sources */,
				BF2E317D2B480F840058DF00 /* SceneDelegate.swift in Sources */,
			);
			runOnlyForDeploymentPostprocessing = 0;
		};
		BF2E31892B480F850058DF00 /* Sources */ = {
			isa = PBXSourcesBuildPhase;
			buildActionMask = 2147483647;
			files = (
				BF2E31922B480F850058DF00 /* ApiCallBindingTests.swift in Sources */,
			);
			runOnlyForDeploymentPostprocessing = 0;
		};
		BF2E31932B480F850058DF00 /* Sources */ = {
			isa = PBXSourcesBuildPhase;
			buildActionMask = 2147483647;
			files = (
				BF2E319C2B480F850058DF00 /* ApiCallBindingUITests.swift in Sources */,
				BF2E319E2B480F850058DF00 /* ApiCallBindingUITestsLaunchTests.swift in Sources */,
			);
			runOnlyForDeploymentPostprocessing = 0;
		};
/* End PBXSourcesBuildPhase section */

/* Begin PBXTargetDependency section */
		BF2E318F2B480F850058DF00 /* PBXTargetDependency */ = {
			isa = PBXTargetDependency;
			target = BF2E31762B480F840058DF00 /* ApiCallBinding */;
			targetProxy = BF2E318E2B480F850058DF00 /* PBXContainerItemProxy */;
		};
		BF2E31992B480F850058DF00 /* PBXTargetDependency */ = {
			isa = PBXTargetDependency;
			target = BF2E31762B480F840058DF00 /* ApiCallBinding */;
			targetProxy = BF2E31982B480F850058DF00 /* PBXContainerItemProxy */;
		};
/* End PBXTargetDependency section */

/* Begin PBXVariantGroup section */
		BF2E31802B480F840058DF00 /* Main.storyboard */ = {
			isa = PBXVariantGroup;
			children = (
				BF2E31812B480F840058DF00 /* Base */,
			);
			name = Main.storyboard;
			sourceTree = "<group>";
		};
		BF2E31852B480F850058DF00 /* LaunchScreen.storyboard */ = {
			isa = PBXVariantGroup;
			children = (
				BF2E31862B480F850058DF00 /* Base */,
			);
			name = LaunchScreen.storyboard;
			sourceTree = "<group>";
		};
/* End PBXVariantGroup section */

/* Begin XCBuildConfiguration section */
		BF2E319F2B480F850058DF00 /* Debug */ = {
			isa = XCBuildConfiguration;
			buildSettings = {
				ALWAYS_SEARCH_USER_PATHS = NO;
				CLANG_ANALYZER_NONNULL = YES;
				CLANG_ANALYZER_NUMBER_OBJECT_CONVERSION = YES_AGGRESSIVE;
				CLANG_CXX_LANGUAGE_STANDARD = "gnu++20";
				CLANG_ENABLE_MODULES = YES;
				CLANG_ENABLE_OBJC_ARC = YES;
				CLANG_ENABLE_OBJC_WEAK = YES;
				CLANG_WARN_BLOCK_CAPTURE_AUTORELEASING = YES;
				CLANG_WARN_BOOL_CONVERSION = YES;
				CLANG_WARN_COMMA = YES;
				CLANG_WARN_CONSTANT_CONVERSION = YES;
				CLANG_WARN_DEPRECATED_OBJC_IMPLEMENTATIONS = YES;
				CLANG_WARN_DIRECT_OBJC_ISA_USAGE = YES_ERROR;
				CLANG_WARN_DOCUMENTATION_COMMENTS = YES;
				CLANG_WARN_EMPTY_BODY = YES;
				CLANG_WARN_ENUM_CONVERSION = YES;
				CLANG_WARN_INFINITE_RECURSION = YES;
				CLANG_WARN_INT_CONVERSION = YES;
				CLANG_WARN_NON_LITERAL_NULL_CONVERSION = YES;
				CLANG_WARN_OBJC_IMPLICIT_RETAIN_SELF = YES;
				CLANG_WARN_OBJC_LITERAL_CONVERSION = YES;
				CLANG_WARN_OBJC_ROOT_CLASS = YES_ERROR;
				CLANG_WARN_QUOTED_INCLUDE_IN_FRAMEWORK_HEADER = YES;
				CLANG_WARN_RANGE_LOOP_ANALYSIS = YES;
				CLANG_WARN_STRICT_PROTOTYPES = YES;
				CLANG_WARN_SUSPICIOUS_MOVE = YES;
				CLANG_WARN_UNGUARDED_AVAILABILITY = YES_AGGRESSIVE;
				CLANG_WARN_UNREACHABLE_CODE = YES;
				CLANG_WARN__DUPLICATE_METHOD_MATCH = YES;
				COPY_PHASE_STRIP = NO;
				DEBUG_INFORMATION_FORMAT = dwarf;
				ENABLE_STRICT_OBJC_MSGSEND = YES;
				ENABLE_TESTABILITY = YES;
				GCC_C_LANGUAGE_STANDARD = gnu11;
				GCC_DYNAMIC_NO_PIC = NO;
				GCC_NO_COMMON_BLOCKS = YES;
				GCC_OPTIMIZATION_LEVEL = 0;
				GCC_PREPROCESSOR_DEFINITIONS = (
					"DEBUG=1",
					"$(inherited)",
				);
				GCC_WARN_64_TO_32_BIT_CONVERSION = YES;
				GCC_WARN_ABOUT_RETURN_TYPE = YES_ERROR;
				GCC_WARN_UNDECLARED_SELECTOR = YES;
				GCC_WARN_UNINITIALIZED_AUTOS = YES_AGGRESSIVE;
				GCC_WARN_UNUSED_FUNCTION = YES;
				GCC_WARN_UNUSED_VARIABLE = YES;
				IPHONEOS_DEPLOYMENT_TARGET = 16.4;
				MTL_ENABLE_DEBUG_INFO = INCLUDE_SOURCE;
				MTL_FAST_MATH = YES;
				ONLY_ACTIVE_ARCH = YES;
				SDKROOT = iphoneos;
				SWIFT_ACTIVE_COMPILATION_CONDITIONS = DEBUG;
				SWIFT_OPTIMIZATION_LEVEL = "-Onone";
			};
			name = Debug;
		};
		BF2E31A02B480F850058DF00 /* Release */ = {
			isa = XCBuildConfiguration;
			buildSettings = {
				ALWAYS_SEARCH_USER_PATHS = NO;
				CLANG_ANALYZER_NONNULL = YES;
				CLANG_ANALYZER_NUMBER_OBJECT_CONVERSION = YES_AGGRESSIVE;
				CLANG_CXX_LANGUAGE_STANDARD = "gnu++20";
				CLANG_ENABLE_MODULES = YES;
				CLANG_ENABLE_OBJC_ARC = YES;
				CLANG_ENABLE_OBJC_WEAK = YES;
				CLANG_WARN_BLOCK_CAPTURE_AUTORELEASING = YES;
				CLANG_WARN_BOOL_CONVERSION = YES;
				CLANG_WARN_COMMA = YES;
				CLANG_WARN_CONSTANT_CONVERSION = YES;
				CLANG_WARN_DEPRECATED_OBJC_IMPLEMENTATIONS = YES;
				CLANG_WARN_DIRECT_OBJC_ISA_USAGE = YES_ERROR;
				CLANG_WARN_DOCUMENTATION_COMMENTS = YES;
				CLANG_WARN_EMPTY_BODY = YES;
				CLANG_WARN_ENUM_CONVERSION = YES;
				CLANG_WARN_INFINITE_RECURSION = YES;
				CLANG_WARN_INT_CONVERSION = YES;
				CLANG_WARN_NON_LITERAL_NULL_CONVERSION = YES;
				CLANG_WARN_OBJC_IMPLICIT_RETAIN_SELF = YES;
				CLANG_WARN_OBJC_LITERAL_CONVERSION = YES;
				CLANG_WARN_OBJC_ROOT_CLASS = YES_ERROR;
				CLANG_WARN_QUOTED_INCLUDE_IN_FRAMEWORK_HEADER = YES;
				CLANG_WARN_RANGE_LOOP_ANALYSIS = YES;
				CLANG_WARN_STRICT_PROTOTYPES = YES;
				CLANG_WARN_SUSPICIOUS_MOVE = YES;
				CLANG_WARN_UNGUARDED_AVAILABILITY = YES_AGGRESSIVE;
				CLANG_WARN_UNREACHABLE_CODE = YES;
				CLANG_WARN__DUPLICATE_METHOD_MATCH = YES;
				COPY_PHASE_STRIP = NO;
				DEBUG_INFORMATION_FORMAT = "dwarf-with-dsym";
				ENABLE_NS_ASSERTIONS = NO;
				ENABLE_STRICT_OBJC_MSGSEND = YES;
				GCC_C_LANGUAGE_STANDARD = gnu11;
				GCC_NO_COMMON_BLOCKS = YES;
				GCC_WARN_64_TO_32_BIT_CONVERSION = YES;
				GCC_WARN_ABOUT_RETURN_TYPE = YES_ERROR;
				GCC_WARN_UNDECLARED_SELECTOR = YES;
				GCC_WARN_UNINITIALIZED_AUTOS = YES_AGGRESSIVE;
				GCC_WARN_UNUSED_FUNCTION = YES;
				GCC_WARN_UNUSED_VARIABLE = YES;
				IPHONEOS_DEPLOYMENT_TARGET = 16.4;
				MTL_ENABLE_DEBUG_INFO = NO;
				MTL_FAST_MATH = YES;
				SDKROOT = iphoneos;
				SWIFT_COMPILATION_MODE = wholemodule;
				SWIFT_OPTIMIZATION_LEVEL = "-O";
				VALIDATE_PRODUCT = YES;
			};
			name = Release;
		};
		BF2E31A22B480F850058DF00 /* Debug */ = {
			isa = XCBuildConfiguration;
			buildSettings = {
				ASSETCATALOG_COMPILER_APPICON_NAME = AppIcon;
				ASSETCATALOG_COMPILER_GLOBAL_ACCENT_COLOR_NAME = AccentColor;
				CODE_SIGN_STYLE = Automatic;
				CURRENT_PROJECT_VERSION = 1;
				DEVELOPMENT_TEAM = 7H62X7A726;
				GENERATE_INFOPLIST_FILE = YES;
				INFOPLIST_FILE = ApiCallBinding/Info.plist;
				INFOPLIST_KEY_UIApplicationSupportsIndirectInputEvents = YES;
				INFOPLIST_KEY_UILaunchStoryboardName = LaunchScreen;
				INFOPLIST_KEY_UIMainStoryboardFile = Main;
				INFOPLIST_KEY_UISupportedInterfaceOrientations_iPad = "UIInterfaceOrientationPortrait UIInterfaceOrientationPortraitUpsideDown UIInterfaceOrientationLandscapeLeft UIInterfaceOrientationLandscapeRight";
				INFOPLIST_KEY_UISupportedInterfaceOrientations_iPhone = "UIInterfaceOrientationPortrait UIInterfaceOrientationLandscapeLeft UIInterfaceOrientationLandscapeRight";
				LD_RUNPATH_SEARCH_PATHS = (
					"$(inherited)",
					"@executable_path/Frameworks",
				);
				MARKETING_VERSION = 1.0;
				PRODUCT_BUNDLE_IDENTIFIER = com.vivek.ApiCallBinding;
				PRODUCT_NAME = "$(TARGET_NAME)";
				SWIFT_EMIT_LOC_STRINGS = YES;
				SWIFT_VERSION = 5.0;
				TARGETED_DEVICE_FAMILY = "1,2";
			};
			name = Debug;
		};
		BF2E31A32B480F850058DF00 /* Release */ = {
			isa = XCBuildConfiguration;
			buildSettings = {
				ASSETCATALOG_COMPILER_APPICON_NAME = AppIcon;
				ASSETCATALOG_COMPILER_GLOBAL_ACCENT_COLOR_NAME = AccentColor;
				CODE_SIGN_STYLE = Automatic;
				CURRENT_PROJECT_VERSION = 1;
				DEVELOPMENT_TEAM = 7H62X7A726;
				GENERATE_INFOPLIST_FILE = YES;
				INFOPLIST_FILE = ApiCallBinding/Info.plist;
				INFOPLIST_KEY_UIApplicationSupportsIndirectInputEvents = YES;
				INFOPLIST_KEY_UILaunchStoryboardName = LaunchScreen;
				INFOPLIST_KEY_UIMainStoryboardFile = Main;
				INFOPLIST_KEY_UISupportedInterfaceOrientations_iPad = "UIInterfaceOrientationPortrait UIInterfaceOrientationPortraitUpsideDown UIInterfaceOrientationLandscapeLeft UIInterfaceOrientationLandscapeRight";
				INFOPLIST_KEY_UISupportedInterfaceOrientations_iPhone = "UIInterfaceOrientationPortrait UIInterfaceOrientationLandscapeLeft UIInterfaceOrientationLandscapeRight";
				LD_RUNPATH_SEARCH_PATHS = (
					"$(inherited)",
					"@executable_path/Frameworks",
				);
				MARKETING_VERSION = 1.0;
				PRODUCT_BUNDLE_IDENTIFIER = com.vivek.ApiCallBinding;
				PRODUCT_NAME = "$(TARGET_NAME)";
				SWIFT_EMIT_LOC_STRINGS = YES;
				SWIFT_VERSION = 5.0;
				TARGETED_DEVICE_FAMILY = "1,2";
			};
			name = Release;
		};
		BF2E31A52B480F850058DF00 /* Debug */ = {
			isa = XCBuildConfiguration;
			buildSettings = {
				ALWAYS_EMBED_SWIFT_STANDARD_LIBRARIES = YES;
				BUNDLE_LOADER = "$(TEST_HOST)";
				CODE_SIGN_STYLE = Automatic;
				CURRENT_PROJECT_VERSION = 1;
				DEVELOPMENT_TEAM = 7H62X7A726;
				GENERATE_INFOPLIST_FILE = YES;
				IPHONEOS_DEPLOYMENT_TARGET = 16.4;
				MARKETING_VERSION = 1.0;
				PRODUCT_BUNDLE_IDENTIFIER = com.vivek.ApiCallBindingTests;
				PRODUCT_NAME = "$(TARGET_NAME)";
				SWIFT_EMIT_LOC_STRINGS = NO;
				SWIFT_VERSION = 5.0;
				TARGETED_DEVICE_FAMILY = "1,2";
				TEST_HOST = "$(BUILT_PRODUCTS_DIR)/ApiCallBinding.app/$(BUNDLE_EXECUTABLE_FOLDER_PATH)/ApiCallBinding";
			};
			name = Debug;
		};
		BF2E31A62B480F850058DF00 /* Release */ = {
			isa = XCBuildConfiguration;
			buildSettings = {
				ALWAYS_EMBED_SWIFT_STANDARD_LIBRARIES = YES;
				BUNDLE_LOADER = "$(TEST_HOST)";
				CODE_SIGN_STYLE = Automatic;
				CURRENT_PROJECT_VERSION = 1;
				DEVELOPMENT_TEAM = 7H62X7A726;
				GENERATE_INFOPLIST_FILE = YES;
				IPHONEOS_DEPLOYMENT_TARGET = 16.4;
				MARKETING_VERSION = 1.0;
				PRODUCT_BUNDLE_IDENTIFIER = com.vivek.ApiCallBindingTests;
				PRODUCT_NAME = "$(TARGET_NAME)";
				SWIFT_EMIT_LOC_STRINGS = NO;
				SWIFT_VERSION = 5.0;
				TARGETED_DEVICE_FAMILY = "1,2";
				TEST_HOST = "$(BUILT_PRODUCTS_DIR)/ApiCallBinding.app/$(BUNDLE_EXECUTABLE_FOLDER_PATH)/ApiCallBinding";
			};
			name = Release;
		};
		BF2E31A82B480F850058DF00 /* Debug */ = {
			isa = XCBuildConfiguration;
			buildSettings = {
				ALWAYS_EMBED_SWIFT_STANDARD_LIBRARIES = YES;
				CODE_SIGN_STYLE = Automatic;
				CURRENT_PROJECT_VERSION = 1;
				DEVELOPMENT_TEAM = 7H62X7A726;
				GENERATE_INFOPLIST_FILE = YES;
				MARKETING_VERSION = 1.0;
				PRODUCT_BUNDLE_IDENTIFIER = com.vivek.ApiCallBindingUITests;
				PRODUCT_NAME = "$(TARGET_NAME)";
				SWIFT_EMIT_LOC_STRINGS = NO;
				SWIFT_VERSION = 5.0;
				TARGETED_DEVICE_FAMILY = "1,2";
				TEST_TARGET_NAME = ApiCallBinding;
			};
			name = Debug;
		};
		BF2E31A92B480F850058DF00 /* Release */ = {
			isa = XCBuildConfiguration;
			buildSettings = {
				ALWAYS_EMBED_SWIFT_STANDARD_LIBRARIES = YES;
				CODE_SIGN_STYLE = Automatic;
				CURRENT_PROJECT_VERSION = 1;
				DEVELOPMENT_TEAM = 7H62X7A726;
				GENERATE_INFOPLIST_FILE = YES;
				MARKETING_VERSION = 1.0;
				PRODUCT_BUNDLE_IDENTIFIER = com.vivek.ApiCallBindingUITests;
				PRODUCT_NAME = "$(TARGET_NAME)";
				SWIFT_EMIT_LOC_STRINGS = NO;
				SWIFT_VERSION = 5.0;
				TARGETED_DEVICE_FAMILY = "1,2";
				TEST_TARGET_NAME = ApiCallBinding;
			};
			name = Release;
		};
/* End XCBuildConfiguration section */

/* Begin XCConfigurationList section */
		BF2E31722B480F840058DF00 /* Build configuration list for PBXProject "ApiCallBinding" */ = {
			isa = XCConfigurationList;
			buildConfigurations = (
				BF2E319F2B480F850058DF00 /* Debug */,
				BF2E31A02B480F850058DF00 /* Release */,
			);
			defaultConfigurationIsVisible = 0;
			defaultConfigurationName = Release;
		};
		BF2E31A12B480F850058DF00 /* Build configuration list for PBXNativeTarget "ApiCallBinding" */ = {
			isa = XCConfigurationList;
			buildConfigurations = (
				BF2E31A22B480F850058DF00 /* Debug */,
				BF2E31A32B480F850058DF00 /* Release */,
			);
			defaultConfigurationIsVisible = 0;
			defaultConfigurationName = Release;
		};
		BF2E31A42B480F850058DF00 /* Build configuration list for PBXNativeTarget "ApiCallBindingTests" */ = {
			isa = XCConfigurationList;
			buildConfigurations = (
				BF2E31A52B480F850058DF00 /* Debug */,
				BF2E31A62B480F850058DF00 /* Release */,
			);
			defaultConfigurationIsVisible = 0;
			defaultConfigurationName = Release;
		};
		BF2E31A72B480F850058DF00 /* Build configuration list for PBXNativeTarget "ApiCallBindingUITests" */ = {
			isa = XCConfigurationList;
			buildConfigurations = (
				BF2E31A82B480F850058DF00 /* Debug */,
				BF2E31A92B480F850058DF00 /* Release */,
			);
			defaultConfigurationIsVisible = 0;
			defaultConfigurationName = Release;
		};
/* End XCConfigurationList section */
	};
	rootObject = BF2E316F2B480F840058DF00 /* Project object */;
}
